
Microsoft Visual Studio Solution File, Format Version 12.00
# Visual Studio Version 17
VisualStudioVersion = 17.3.32901.215
MinimumVisualStudioVersion = 10.0.40219.1
Project("{FAE04EC0-301F-11D3-BF4B-00C04F79EFBC}") = "pryBaseDeDatosSosa", "pryBaseDeDatosSosa.csproj", "{8D54CB97-3161-4F45-968A-3262F5E62891}"
EndProject
Global
	GlobalSection(SolutionConfigurationPlatforms) = preSolution
		Debug|Any CPU = Debug|Any CPU
		Release|Any CPU = Release|Any CPU
	EndGlobalSection
	GlobalSection(ProjectConfigurationPlatforms) = postSolution
		{8D54CB97-3161-4F45-968A-3262F5E62891}.Debug|Any CPU.ActiveCfg = Debug|Any CPU
		{8D54CB97-3161-4F45-968A-3262F5E62891}.Debug|Any CPU.Build.0 = Debug|Any CPU
		{8D54CB97-3161-4F45-968A-3262F5E62891}.Release|Any CPU.ActiveCfg = Release|Any CPU
		{8D54CB97-3161-4F45-968A-3262F5E62891}.Release|Any CPU.Build.0 = Release|Any CPU
	EndGlobalSection
	GlobalSection(SolutionProperties) = preSolution
		HideSolutionNode = FALSE
	EndGlobalSection
	GlobalSection(ExtensibilityGlobals) = postSolution
		SolutionGuid = {310FA3ED-8F03-48C1-8E7D-25F413B6B7C2}
	EndGlobalSection
EndGlobal
